
Microsoft Visual Studio Solution File, Format Version 12.00
# Visual Studio Version 16
VisualStudioVersion = 16.0.31515.178
MinimumVisualStudioVersion = 10.0.40219.1
Project("{FAE04EC0-301F-11D3-BF4B-00C04F79EFBC}") = "pruebasproyecto.Android", "pruebasproyecto.Android\pruebasproyecto.Android.csproj", "{CD6D232A-E0F9-49CA-B894-18A75E93C2F2}"
EndProject
Project("{FAE04EC0-301F-11D3-BF4B-00C04F79EFBC}") = "pruebasproyecto.iOS", "pruebasproyecto.iOS\pruebasproyecto.iOS.csproj", "{DF22B7EB-34AB-46BE-857A-DD663DACF83B}"
EndProject
Project("{FAE04EC0-301F-11D3-BF4B-00C04F79EFBC}") = "pruebasproyecto", "pruebasproyecto\pruebasproyecto.csproj", "{8D353893-47F1-44B9-93E1-5D6CA53DC93D}"
EndProject
Global
	GlobalSection(SolutionConfigurationPlatforms) = preSolution
		Debug|Any CPU = Debug|Any CPU
		Debug|iPhone = Debug|iPhone
		Debug|iPhoneSimulator = Debug|iPhoneSimulator
		Release|Any CPU = Release|Any CPU
		Release|iPhone = Release|iPhone
		Release|iPhoneSimulator = Release|iPhoneSimulator
	EndGlobalSection
	GlobalSection(ProjectConfigurationPlatforms) = postSolution
		{CD6D232A-E0F9-49CA-B894-18A75E93C2F2}.Debug|Any CPU.ActiveCfg = Debug|Any CPU
		{CD6D232A-E0F9-49CA-B894-18A75E93C2F2}.Debug|Any CPU.Build.0 = Debug|Any CPU
		{CD6D232A-E0F9-49CA-B894-18A75E93C2F2}.Debug|Any CPU.Deploy.0 = Debug|Any CPU
		{CD6D232A-E0F9-49CA-B894-18A75E93C2F2}.Debug|iPhone.ActiveCfg = Debug|Any CPU
		{CD6D232A-E0F9-49CA-B894-18A75E93C2F2}.Debug|iPhone.Build.0 = Debug|Any CPU
		{CD6D232A-E0F9-49CA-B894-18A75E93C2F2}.Debug|iPhone.Deploy.0 = Debug|Any CPU
		{CD6D232A-E0F9-49CA-B894-18A75E93C2F2}.Debug|iPhoneSimulator.ActiveCfg = Debug|Any CPU
		{CD6D232A-E0F9-49CA-B894-18A75E93C2F2}.Debug|iPhoneSimulator.Build.0 = Debug|Any CPU
		{CD6D232A-E0F9-49CA-B894-18A75E93C2F2}.Debug|iPhoneSimulator.Deploy.0 = Debug|Any CPU
		{CD6D232A-E0F9-49CA-B894-18A75E93C2F2}.Release|Any CPU.ActiveCfg = Release|Any CPU
		{CD6D232A-E0F9-49CA-B894-18A75E93C2F2}.Release|Any CPU.Build.0 = Release|Any CPU
		{CD6D232A-E0F9-49CA-B894-18A75E93C2F2}.Release|Any CPU.Deploy.0 = Release|Any CPU
		{CD6D232A-E0F9-49CA-B894-18A75E93C2F2}.Release|iPhone.ActiveCfg = Release|Any CPU
		{CD6D232A-E0F9-49CA-B894-18A75E93C2F2}.Release|iPhone.Build.0 = Release|Any CPU
		{CD6D232A-E0F9-49CA-B894-18A75E93C2F2}.Release|iPhone.Deploy.0 = Release|Any CPU
		{CD6D232A-E0F9-49CA-B894-18A75E93C2F2}.Release|iPhoneSimulator.ActiveCfg = Release|Any CPU
		{CD6D232A-E0F9-49CA-B894-18A75E93C2F2}.Release|iPhoneSimulator.Build.0 = Release|Any CPU
		{CD6D232A-E0F9-49CA-B894-18A75E93C2F2}.Release|iPhoneSimulator.Deploy.0 = Release|Any CPU
		{DF22B7EB-34AB-46BE-857A-DD663DACF83B}.Debug|Any CPU.ActiveCfg = Debug|iPhone
		{DF22B7EB-34AB-46BE-857A-DD663DACF83B}.Debug|Any CPU.Build.0 = Debug|iPhone
		{DF22B7EB-34AB-46BE-857A-DD663DACF83B}.Debug|Any CPU.Deploy.0 = Debug|iPhone
		{DF22B7EB-34AB-46BE-857A-DD663DACF83B}.Debug|iPhone.ActiveCfg = Debug|iPhone
		{DF22B7EB-34AB-46BE-857A-DD663DACF83B}.Debug|iPhone.Build.0 = Debug|iPhone
		{DF22B7EB-34AB-46BE-857A-DD663DACF83B}.Debug|iPhone.Deploy.0 = Debug|iPhone
		{DF22B7EB-34AB-46BE-857A-DD663DACF83B}.Debug|iPhoneSimulator.ActiveCfg = Debug|iPhoneSimulator
		{DF22B7EB-34AB-46BE-857A-DD663DACF83B}.Debug|iPhoneSimulator.Build.0 = Debug|iPhoneSimulator
		{DF22B7EB-34AB-46BE-857A-DD663DACF83B}.Debug|iPhoneSimulator.Deploy.0 = Debug|iPhoneSimulator
		{DF22B7EB-34AB-46BE-857A-DD663DACF83B}.Release|Any CPU.ActiveCfg = Release|iPhoneSimulator
		{DF22B7EB-34AB-46BE-857A-DD663DACF83B}.Release|Any CPU.Build.0 = Release|iPhoneSimulator
		{DF22B7EB-34AB-46BE-857A-DD663DACF83B}.Release|Any CPU.Deploy.0 = Release|iPhoneSimulator
		{DF22B7EB-34AB-46BE-857A-DD663DACF83B}.Release|iPhone.ActiveCfg = Release|iPhone
		{DF22B7EB-34AB-46BE-857A-DD663DACF83B}.Release|iPhone.Build.0 = Release|iPhone
		{DF22B7EB-34AB-46BE-857A-DD663DACF83B}.Release|iPhone.Deploy.0 = Release|iPhone
		{DF22B7EB-34AB-46BE-857A-DD663DACF83B}.Release|iPhoneSimulator.ActiveCfg = Release|iPhoneSimulator
		{DF22B7EB-34AB-46BE-857A-DD663DACF83B}.Release|iPhoneSimulator.Build.0 = Release|iPhoneSimulator
		{DF22B7EB-34AB-46BE-857A-DD663DACF83B}.Release|iPhoneSimulator.Deploy.0 = Release|iPhoneSimulator
		{8D353893-47F1-44B9-93E1-5D6CA53DC93D}.Debug|Any CPU.ActiveCfg = Debug|Any CPU
		{8D353893-47F1-44B9-93E1-5D6CA53DC93D}.Debug|Any CPU.Build.0 = Debug|Any CPU
		{8D353893-47F1-44B9-93E1-5D6CA53DC93D}.Debug|Any CPU.Deploy.0 = Debug|Any CPU
		{8D353893-47F1-44B9-93E1-5D6CA53DC93D}.Debug|iPhone.ActiveCfg = Debug|Any CPU
		{8D353893-47F1-44B9-93E1-5D6CA53DC93D}.Debug|iPhone.Build.0 = Debug|Any CPU
		{8D353893-47F1-44B9-93E1-5D6CA53DC93D}.Debug|iPhone.Deploy.0 = Debug|Any CPU
		{8D353893-47F1-44B9-93E1-5D6CA53DC93D}.Debug|iPhoneSimulator.ActiveCfg = Debug|Any CPU
		{8D353893-47F1-44B9-93E1-5D6CA53DC93D}.Debug|iPhoneSimulator.Build.0 = Debug|Any CPU
		{8D353893-47F1-44B9-93E1-5D6CA53DC93D}.Debug|iPhoneSimulator.Deploy.0 = Debug|Any CPU
		{8D353893-47F1-44B9-93E1-5D6CA53DC93D}.Release|Any CPU.ActiveCfg = Release|Any CPU
		{8D353893-47F1-44B9-93E1-5D6CA53DC93D}.Release|Any CPU.Build.0 = Release|Any CPU
		{8D353893-47F1-44B9-93E1-5D6CA53DC93D}.Release|Any CPU.Deploy.0 = Release|Any CPU
		{8D353893-47F1-44B9-93E1-5D6CA53DC93D}.Release|iPhone.ActiveCfg = Release|Any CPU
		{8D353893-47F1-44B9-93E1-5D6CA53DC93D}.Release|iPhone.Build.0 = Release|Any CPU
		{8D353893-47F1-44B9-93E1-5D6CA53DC93D}.Release|iPhone.Deploy.0 = Release|Any CPU
		{8D353893-47F1-44B9-93E1-5D6CA53DC93D}.Release|iPhoneSimulator.ActiveCfg = Release|Any CPU
		{8D353893-47F1-44B9-93E1-5D6CA53DC93D}.Release|iPhoneSimulator.Build.0 = Release|Any CPU
		{8D353893-47F1-44B9-93E1-5D6CA53DC93D}.Release|iPhoneSimulator.Deploy.0 = Release|Any CPU
	EndGlobalSection
	GlobalSection(SolutionProperties) = preSolution
		HideSolutionNode = FALSE
	EndGlobalSection
	GlobalSection(ExtensibilityGlobals) = postSolution
		SolutionGuid = {BEB80740-FAB7-45E3-A953-5FDED144F412}
	EndGlobalSection
EndGlobal
